# THIS IS AN AUTOGENERATED FILE. DO NOT EDIT THIS FILE DIRECTLY.
# yarn lockfile v1


datatables.net-buttons-jqui@^1.6.1:
  version "1.6.1"
  resolved "https://registry.yarnpkg.com/datatables.net-buttons-jqui/-/datatables.net-buttons-jqui-1.6.1.tgz#3e0d60749f0b12c4be52926ee87ed18cb7c64ca8"
  integrity sha512-NtxYExbNF6rZnfJXmsJP7At07EEYxtw46DokrLZZ4OVGe7Ewd9y9ZAwtG0hlkERMBnyJZ1fy2r/4k26PGAn0vg==
  dependencies:
    datatables.net-buttons "1.6.1"
    datatables.net-jqui "^1.10.15"
    jquery ">=1.7"

datatables.net-buttons@1.6.1:
  version "1.6.1"
  resolved "https://registry.yarnpkg.com/datatables.net-buttons/-/datatables.net-buttons-1.6.1.tgz#f62847e7c6f905fcf7339e7541a40741bbb3b8fb"
  integrity sha512-Lcgvi/xGB2X0jr1n/uQMmg43Z1JQO6aaGjPHO+sAQAMfBGBi9cK1hhfM4Vg8gzC5fz3sW4QrtjAdKvOPnQ1A3w==
  dependencies:
    datatables.net "^1.10.15"
    jquery ">=1.7"

datatables.net-jqui@^1.10.15, datatables.net-jqui@^1.10.20:
  version "1.10.20"
  resolved "https://registry.yarnpkg.com/datatables.net-jqui/-/datatables.net-jqui-1.10.20.tgz#9ad96ee759ccb00e6c105f00e0f776c8068aca8d"
  integrity sha512-y8TUgPw6+LZuncG9QcSCnZI+J06EznocCU/O5MvAGOySexukutteM0z4HvhfwPA7x3j/24uI9A8cCvRNKkoHQg==
  dependencies:
    datatables.net "1.10.20"
    jquery ">=1.7"

datatables.net-responsive-jqui@^2.2.3:
  version "2.2.3"
  resolved "https://registry.yarnpkg.com/datatables.net-responsive-jqui/-/datatables.net-responsive-jqui-2.2.3.tgz#ee8d447ebabc1c3056c44858c1be837901f47cb9"
  integrity sha512-TOIkBXNYaGCKQoU03g2lNX83VexaNDLJWaB9erw0htlKBl1WRg4cVTofhb2Hn8pLEDeE0RUN8IiBmMYjgbsFBA==
  dependencies:
    datatables.net-jqui "^1.10.15"
    datatables.net-responsive "2.2.3"
    jquery ">=1.7"

datatables.net-responsive@2.2.3:
  version "2.2.3"
  resolved "https://registry.yarnpkg.com/datatables.net-responsive/-/datatables.net-responsive-2.2.3.tgz#50a2b1b4955b16b32f573a3f00f473b0bfbee913"
  integrity sha512-8D6VtZcyuH3FG0Hn5A4LPZQEOX3+HrRFM7HjpmsQc/nQDBbdeBLkJX4Sh/o1nzFTSneuT1Wh/lYZHVPpjcN+Sw==
  dependencies:
    datatables.net "^1.10.15"
    jquery ">=1.7"

datatables.net@1.10.20, datatables.net@^1.10.15, datatables.net@^1.10.20:
  version "1.10.20"
  resolved "https://registry.yarnpkg.com/datatables.net/-/datatables.net-1.10.20.tgz#9d65ecc3c83cbe7baa4fa5a053405c8fe42c1350"
  integrity sha512-4E4S7tTU607N3h0fZPkGmAtr9mwy462u+VJ6gxYZ8MxcRIjZqHy3Dv1GNry7i3zQCktTdWbULVKBbkAJkuHEnQ==
  dependencies:
    jquery ">=1.7"

jquery-ui@^1.12.1:
  version "1.12.1"
  resolved "https://registry.yarnpkg.com/jquery-ui/-/jquery-ui-1.12.1.tgz#bcb4045c8dd0539c134bc1488cdd3e768a7a9e51"
  integrity sha1-vLQEXI3QU5wTS8FIjN0+dop6nlE=

jquery@>=1.7, jquery@^3.4.1:
  version "3.4.1"
  resolved "https://registry.yarnpkg.com/jquery/-/jquery-3.4.1.tgz#714f1f8d9dde4bdfa55764ba37ef214630d80ef2"
  integrity sha512-36+AdBzCL+y6qjw5Tx7HgzeGCzC81MDDgaUP8ld2zhx58HdqXGoBd+tHdrBMiyjGQs0Hxs/MLZTu/eHNJJuWPw==

webextension-polyfill@^0.5.0:
  version "0.5.0"
  resolved "https://registry.yarnpkg.com/webextension-polyfill/-/webextension-polyfill-0.5.0.tgz#795e0bf6a2b8eadcdb6edaecd169e9228c747519"
  integrity sha512-aFrl38x43t1bTboX/paCT8I97+idzX/TY0+fuM52hrIkCpYfROEF9kSn0BXuEIi3J9LTYt2ZZKkhx9NB1qF3nA==
