# THIS IS AN AUTOGENERATED FILE. DO NOT EDIT THIS FILE DIRECTLY.
# yarn lockfile v1


datatables-buttons@^1.0.3:
  version "1.0.3"
  resolved "https://registry.yarnpkg.com/datatables-buttons/-/datatables-buttons-1.0.3.tgz#cc3d5c97002f83981ee2bbb8e23b4127de8e7e57"
  integrity sha1-zD1clwAvg5ge4ru44jtBJ96Oflc=
  dependencies:
    datatables ">=1.10.8"
    jquery ">=1.7.0"

datatables-export-document@^1.0.0:
  version "1.0.0"
  resolved "https://registry.yarnpkg.com/datatables-export-document/-/datatables-export-document-1.0.0.tgz#8a04e97659d1845aa97781bac03325ba1da9db6c"
  integrity sha1-igTpdlnRhFqpd4G6wDMluh2p22w=

datatables-responsive@^1.0.7:
  version "1.0.7"
  resolved "https://registry.yarnpkg.com/datatables-responsive/-/datatables-responsive-1.0.7.tgz#d90e45781dc2179f9d200dfb7f08eff492096fce"
  integrity sha1-2Q5FeB3CF5+dIA37fwjv9JIJb84=
  dependencies:
    datatables ">=1.10.1"
    jquery ">=1.7.0"

datatables@>=1.10.1, datatables@>=1.10.8, datatables@^1.10.18:
  version "1.10.18"
  resolved "https://registry.yarnpkg.com/datatables/-/datatables-1.10.18.tgz#fee16e82aa70b17c5faf1a6954ac68f404f33a70"
  integrity sha512-ntatMgS9NN6UMpwbmO+QkYJuKlVeMA2Mi0Gu/QxyIh+dW7ZjLSDhPT2tWlzjpIWEkDYgieDzS9Nu7bdQCW0sbQ==
  dependencies:
    jquery ">=1.7"

jquery-ui@^1.12.1:
  version "1.12.1"
  resolved "https://registry.yarnpkg.com/jquery-ui/-/jquery-ui-1.12.1.tgz#bcb4045c8dd0539c134bc1488cdd3e768a7a9e51"
  integrity sha1-vLQEXI3QU5wTS8FIjN0+dop6nlE=

jquery@>=1.7, jquery@>=1.7.0, jquery@^3.4.1:
  version "3.4.1"
  resolved "https://registry.yarnpkg.com/jquery/-/jquery-3.4.1.tgz#714f1f8d9dde4bdfa55764ba37ef214630d80ef2"
  integrity sha512-36+AdBzCL+y6qjw5Tx7HgzeGCzC81MDDgaUP8ld2zhx58HdqXGoBd+tHdrBMiyjGQs0Hxs/MLZTu/eHNJJuWPw==

webextension-polyfill@^0.5.0:
  version "0.5.0"
  resolved "https://registry.yarnpkg.com/webextension-polyfill/-/webextension-polyfill-0.5.0.tgz#795e0bf6a2b8eadcdb6edaecd169e9228c747519"
  integrity sha512-aFrl38x43t1bTboX/paCT8I97+idzX/TY0+fuM52hrIkCpYfROEF9kSn0BXuEIi3J9LTYt2ZZKkhx9NB1qF3nA==
